// !$*UTF8*$!
{
	archiveVersion = 1;
	classes = {
	};
	objectVersion = 56;
	objects = {

/* Begin PBXBuildFile section */
		8DCBA49E2AED611100B3F6CC /* StepByStepApp.swift in Sources */ = {isa = PBXBuildFile; fileRef = 8DCBA49D2AED611100B3F6CC /* StepByStepApp.swift */; };
		8DCBA4A02AED611100B3F6CC /* ContentView.swift in Sources */ = {isa = PBXBuildFile; fileRef = 8DCBA49F2AED611100B3F6CC /* ContentView.swift */; };
		8DCBA4A22AED611200B3F6CC /* Assets.xcassets in Resources */ = {isa = PBXBuildFile; fileRef = 8DCBA4A12AED611200B3F6CC /* Assets.xcassets */; };
		8DCBA4A52AED611200B3F6CC /* Preview Assets.xcassets in Resources */ = {isa = PBXBuildFile; fileRef = 8DCBA4A42AED611200B3F6CC /* Preview Assets.xcassets */; };
		8DCBA4AD2AED61D700B3F6CC /* HealthStore.swift in Sources */ = {isa = PBXBuildFile; fileRef = 8DCBA4AC2AED61D700B3F6CC /* HealthStore.swift */; };
		8DCBA4B12AED65EC00B3F6CC /* Step.swift in Sources */ = {isa = PBXBuildFile; fileRef = 8DCBA4B02AED65EC00B3F6CC /* Step.swift */; };
		8DCBA4B42AED66E000B3F6CC /* StepListView.swift in Sources */ = {isa = PBXBuildFile; fileRef = 8DCBA4B32AED66E000B3F6CC /* StepListView.swift */; };
		8DCBA4B72AED673200B3F6CC /* Helper.swift in Sources */ = {isa = PBXBuildFile; fileRef = 8DCBA4B62AED673200B3F6CC /* Helper.swift */; };
		8DCBA4B92AED67F900B3F6CC /* TodayStepView.swift in Sources */ = {isa = PBXBuildFile; fileRef = 8DCBA4B82AED67F900B3F6CC /* TodayStepView.swift */; };
		8DCBA4BB2AED692F00B3F6CC /* StepsChartView.swift in Sources */ = {isa = PBXBuildFile; fileRef = 8DCBA4BA2AED692F00B3F6CC /* StepsChartView.swift */; };
/* End PBXBuildFile section */

/* Begin PBXFileReference section */
		8DCBA49A2AED611100B3F6CC /* StepByStep.app */ = {isa = PBXFileReference; explicitFileType = wrapper.application; includeInIndex = 0; path = StepByStep.app; sourceTree = BUILT_PRODUCTS_DIR; };
		8DCBA49D2AED611100B3F6CC /* StepByStepApp.swift */ = {isa = PBXFileReference; lastKnownFileType = sourcecode.swift; path = StepByStepApp.swift; sourceTree = "<group>"; };
		8DCBA49F2AED611100B3F6CC /* ContentView.swift */ = {isa = PBXFileReference; lastKnownFileType = sourcecode.swift; path = ContentView.swift; sourceTree = "<group>"; };
		8DCBA4A12AED611200B3F6CC /* Assets.xcassets */ = {isa = PBXFileReference; lastKnownFileType = folder.assetcatalog; path = Assets.xcassets; sourceTree = "<group>"; };
		8DCBA4A42AED611200B3F6CC /* Preview Assets.xcassets */ = {isa = PBXFileReference; lastKnownFileType = folder.assetcatalog; path = "Preview Assets.xcassets"; sourceTree = "<group>"; };
		8DCBA4AC2AED61D700B3F6CC /* HealthStore.swift */ = {isa = PBXFileReference; lastKnownFileType = sourcecode.swift; path = HealthStore.swift; sourceTree = "<group>"; };
		8DCBA4AE2AED637400B3F6CC /* StepByStep.entitlements */ = {isa = PBXFileReference; lastKnownFileType = text.plist.entitlements; path = StepByStep.entitlements; sourceTree = "<group>"; };
		8DCBA4B02AED65EC00B3F6CC /* Step.swift */ = {isa = PBXFileReference; lastKnownFileType = sourcecode.swift; path = Step.swift; sourceTree = "<group>"; };
		8DCBA4B32AED66E000B3F6CC /* StepListView.swift */ = {isa = PBXFileReference; lastKnownFileType = sourcecode.swift; path = StepListView.swift; sourceTree = "<group>"; };
		8DCBA4B62AED673200B3F6CC /* Helper.swift */ = {isa = PBXFileReference; lastKnownFileType = sourcecode.swift; path = Helper.swift; sourceTree = "<group>"; };
		8DCBA4B82AED67F900B3F6CC /* TodayStepView.swift */ = {isa = PBXFileReference; lastKnownFileType = sourcecode.swift; path = TodayStepView.swift; sourceTree = "<group>"; };
		8DCBA4BA2AED692F00B3F6CC /* StepsChartView.swift */ = {isa = PBXFileReference; lastKnownFileType = sourcecode.swift; path = StepsChartView.swift; sourceTree = "<group>"; };
/* End PBXFileReference section */

/* Begin PBXFrameworksBuildPhase section */
		8DCBA4972AED611100B3F6CC /* Frameworks */ = {
			isa = PBXFrameworksBuildPhase;
			buildActionMask = 2147483647;
			files = (
			);
			runOnlyForDeploymentPostprocessing = 0;
		};
/* End PBXFrameworksBuildPhase section */

/* Begin PBXGroup section */
		8DCBA4912AED611100B3F6CC = {
			isa = PBXGroup;
			children = (
				8DCBA49C2AED611100B3F6CC /* StepByStep */,
				8DCBA49B2AED611100B3F6CC /* Products */,
			);
			sourceTree = "<group>";
		};
		8DCBA49B2AED611100B3F6CC /* Products */ = {
			isa = PBXGroup;
			children = (
				8DCBA49A2AED611100B3F6CC /* StepByStep.app */,
			);
			name = Products;
			sourceTree = "<group>";
		};
		8DCBA49C2AED611100B3F6CC /* StepByStep */ = {
			isa = PBXGroup;
			children = (
				8DCBA4B52AED672400B3F6CC /* Utilities */,
				8DCBA4B22AED66D300B3F6CC /* Views */,
				8DCBA4AF2AED65D900B3F6CC /* Models */,
				8DCBA4AE2AED637400B3F6CC /* StepByStep.entitlements */,
				8DCBA4AB2AED61CB00B3F6CC /* Store */,
				8DCBA49D2AED611100B3F6CC /* StepByStepApp.swift */,
				8DCBA49F2AED611100B3F6CC /* ContentView.swift */,
				8DCBA4A12AED611200B3F6CC /* Assets.xcassets */,
				8DCBA4A32AED611200B3F6CC /* Preview Content */,
			);
			path = StepByStep;
			sourceTree = "<group>";
		};
		8DCBA4A32AED611200B3F6CC /* Preview Content */ = {
			isa = PBXGroup;
			children = (
				8DCBA4A42AED611200B3F6CC /* Preview Assets.xcassets */,
			);
			path = "Preview Content";
			sourceTree = "<group>";
		};
		8DCBA4AB2AED61CB00B3F6CC /* Store */ = {
			isa = PBXGroup;
			children = (
				8DCBA4AC2AED61D700B3F6CC /* HealthStore.swift */,
			);
			path = Store;
			sourceTree = "<group>";
		};
		8DCBA4AF2AED65D900B3F6CC /* Models */ = {
			isa = PBXGroup;
			children = (
				8DCBA4B02AED65EC00B3F6CC /* Step.swift */,
			);
			path = Models;
			sourceTree = "<group>";
		};
		8DCBA4B22AED66D300B3F6CC /* Views */ = {
			isa = PBXGroup;
			children = (
				8DCBA4B32AED66E000B3F6CC /* StepListView.swift */,
				8DCBA4B82AED67F900B3F6CC /* TodayStepView.swift */,
				8DCBA4BA2AED692F00B3F6CC /* StepsChartView.swift */,
			);
			path = Views;
			sourceTree = "<group>";
		};
		8DCBA4B52AED672400B3F6CC /* Utilities */ = {
			isa = PBXGroup;
			children = (
				8DCBA4B62AED673200B3F6CC /* Helper.swift */,
			);
			path = Utilities;
			sourceTree = "<group>";
		};
/* End PBXGroup section */

/* Begin PBXNativeTarget section */
		8DCBA4992AED611100B3F6CC /* StepByStep */ = {
			isa = PBXNativeTarget;
			buildConfigurationList = 8DCBA4A82AED611200B3F6CC /* Build configuration list for PBXNativeTarget "StepByStep" */;
			buildPhases = (
				8DCBA4962AED611100B3F6CC /* Sources */,
				8DCBA4972AED611100B3F6CC /* Frameworks */,
				8DCBA4982AED611100B3F6CC /* Resources */,
			);
			buildRules = (
			);
			dependencies = (
			);
			name = StepByStep;
			productName = StepByStep;
			productReference = 8DCBA49A2AED611100B3F6CC /* StepByStep.app */;
			productType = "com.apple.product-type.application";
		};
/* End PBXNativeTarget section */

/* Begin PBXProject section */
		8DCBA4922AED611100B3F6CC /* Project object */ = {
			isa = PBXProject;
			attributes = {
				BuildIndependentTargetsInParallel = 1;
				LastSwiftUpdateCheck = 1500;
				LastUpgradeCheck = 1500;
				TargetAttributes = {
					8DCBA4992AED611100B3F6CC = {
						CreatedOnToolsVersion = 15.0;
					};
				};
			};
			buildConfigurationList = 8DCBA4952AED611100B3F6CC /* Build configuration list for PBXProject "StepByStep" */;
			compatibilityVersion = "Xcode 14.0";
			developmentRegion = en;
			hasScannedForEncodings = 0;
			knownRegions = (
				en,
				Base,
			);
			mainGroup = 8DCBA4912AED611100B3F6CC;
			productRefGroup = 8DCBA49B2AED611100B3F6CC /* Products */;
			projectDirPath = "";
			projectRoot = "";
			targets = (
				8DCBA4992AED611100B3F6CC /* StepByStep */,
			);
		};
/* End PBXProject section */

/* Begin PBXResourcesBuildPhase section */
		8DCBA4982AED611100B3F6CC /* Resources */ = {
			isa = PBXResourcesBuildPhase;
			buildActionMask = 2147483647;
			files = (
				8DCBA4A52AED611200B3F6CC /* Preview Assets.xcassets in Resources */,
				8DCBA4A22AED611200B3F6CC /* Assets.xcassets in Resources */,
			);
			runOnlyForDeploymentPostprocessing = 0;
		};
/* End PBXResourcesBuildPhase section */

/* Begin PBXSourcesBuildPhase section */
		8DCBA4962AED611100B3F6CC /* Sources */ = {
			isa = PBXSourcesBuildPhase;
			buildActionMask = 2147483647;
			files = (
				8DCBA4A02AED611100B3F6CC /* ContentView.swift in Sources */,
				8DCBA4B42AED66E000B3F6CC /* StepListView.swift in Sources */,
				8DCBA4B12AED65EC00B3F6CC /* Step.swift in Sources */,
				8DCBA4BB2AED692F00B3F6CC /* StepsChartView.swift in Sources */,
				8DCBA4AD2AED61D700B3F6CC /* HealthStore.swift in Sources */,
				8DCBA49E2AED611100B3F6CC /* StepByStepApp.swift in Sources */,
				8DCBA4B72AED673200B3F6CC /* Helper.swift in Sources */,
				8DCBA4B92AED67F900B3F6CC /* TodayStepView.swift in Sources */,
			);
			runOnlyForDeploymentPostprocessing = 0;
		};
/* End PBXSourcesBuildPhase section */

/* Begin XCBuildConfiguration section */
		8DCBA4A62AED611200B3F6CC /* Debug */ = {
			isa = XCBuildConfiguration;
			buildSettings = {
				ALWAYS_SEARCH_USER_PATHS = NO;
				ASSETCATALOG_COMPILER_GENERATE_SWIFT_ASSET_SYMBOL_EXTENSIONS = YES;
				CLANG_ANALYZER_NONNULL = YES;
				CLANG_ANALYZER_NUMBER_OBJECT_CONVERSION = YES_AGGRESSIVE;
				CLANG_CXX_LANGUAGE_STANDARD = "gnu++20";
				CLANG_ENABLE_MODULES = YES;
				CLANG_ENABLE_OBJC_ARC = YES;
				CLANG_ENABLE_OBJC_WEAK = YES;
				CLANG_WARN_BLOCK_CAPTURE_AUTORELEASING = YES;
				CLANG_WARN_BOOL_CONVERSION = YES;
				CLANG_WARN_COMMA = YES;
				CLANG_WARN_CONSTANT_CONVERSION = YES;
				CLANG_WARN_DEPRECATED_OBJC_IMPLEMENTATIONS = YES;
				CLANG_WARN_DIRECT_OBJC_ISA_USAGE = YES_ERROR;
				CLANG_WARN_DOCUMENTATION_COMMENTS = YES;
				CLANG_WARN_EMPTY_BODY = YES;
				CLANG_WARN_ENUM_CONVERSION = YES;
				CLANG_WARN_INFINITE_RECURSION = YES;
				CLANG_WARN_INT_CONVERSION = YES;
				CLANG_WARN_NON_LITERAL_NULL_CONVERSION = YES;
				CLANG_WARN_OBJC_IMPLICIT_RETAIN_SELF = YES;
				CLANG_WARN_OBJC_LITERAL_CONVERSION = YES;
				CLANG_WARN_OBJC_ROOT_CLASS = YES_ERROR;
				CLANG_WARN_QUOTED_INCLUDE_IN_FRAMEWORK_HEADER = YES;
				CLANG_WARN_RANGE_LOOP_ANALYSIS = YES;
				CLANG_WARN_STRICT_PROTOTYPES = YES;
				CLANG_WARN_SUSPICIOUS_MOVE = YES;
				CLANG_WARN_UNGUARDED_AVAILABILITY = YES_AGGRESSIVE;
				CLANG_WARN_UNREACHABLE_CODE = YES;
				CLANG_WARN__DUPLICATE_METHOD_MATCH = YES;
				COPY_PHASE_STRIP = NO;
				DEBUG_INFORMATION_FORMAT = dwarf;
				ENABLE_STRICT_OBJC_MSGSEND = YES;
				ENABLE_TESTABILITY = YES;
				ENABLE_USER_SCRIPT_SANDBOXING = YES;
				GCC_C_LANGUAGE_STANDARD = gnu17;
				GCC_DYNAMIC_NO_PIC = NO;
				GCC_NO_COMMON_BLOCKS = YES;
				GCC_OPTIMIZATION_LEVEL = 0;
				GCC_PREPROCESSOR_DEFINITIONS = (
					"DEBUG=1",
					"$(inherited)",
				);
				GCC_WARN_64_TO_32_BIT_CONVERSION = YES;
				GCC_WARN_ABOUT_RETURN_TYPE = YES_ERROR;
				GCC_WARN_UNDECLARED_SELECTOR = YES;
				GCC_WARN_UNINITIALIZED_AUTOS = YES_AGGRESSIVE;
				GCC_WARN_UNUSED_FUNCTION = YES;
				GCC_WARN_UNUSED_VARIABLE = YES;
				IPHONEOS_DEPLOYMENT_TARGET = 17.0;
				LOCALIZATION_PREFERS_STRING_CATALOGS = YES;
				MTL_ENABLE_DEBUG_INFO = INCLUDE_SOURCE;
				MTL_FAST_MATH = YES;
				ONLY_ACTIVE_ARCH = YES;
				SDKROOT = iphoneos;
				SWIFT_ACTIVE_COMPILATION_CONDITIONS = "DEBUG $(inherited)";
				SWIFT_OPTIMIZATION_LEVEL = "-Onone";
			};
			name = Debug;
		};
		8DCBA4A72AED611200B3F6CC /* Release */ = {
			isa = XCBuildConfiguration;
			buildSettings = {
				ALWAYS_SEARCH_USER_PATHS = NO;
				ASSETCATALOG_COMPILER_GENERATE_SWIFT_ASSET_SYMBOL_EXTENSIONS = YES;
				CLANG_ANALYZER_NONNULL = YES;
				CLANG_ANALYZER_NUMBER_OBJECT_CONVERSION = YES_AGGRESSIVE;
				CLANG_CXX_LANGUAGE_STANDARD = "gnu++20";
				CLANG_ENABLE_MODULES = YES;
				CLANG_ENABLE_OBJC_ARC = YES;
				CLANG_ENABLE_OBJC_WEAK = YES;
				CLANG_WARN_BLOCK_CAPTURE_AUTORELEASING = YES;
				CLANG_WARN_BOOL_CONVERSION = YES;
				CLANG_WARN_COMMA = YES;
				CLANG_WARN_CONSTANT_CONVERSION = YES;
				CLANG_WARN_DEPRECATED_OBJC_IMPLEMENTATIONS = YES;
				CLANG_WARN_DIRECT_OBJC_ISA_USAGE = YES_ERROR;
				CLANG_WARN_DOCUMENTATION_COMMENTS = YES;
				CLANG_WARN_EMPTY_BODY = YES;
				CLANG_WARN_ENUM_CONVERSION = YES;
				CLANG_WARN_INFINITE_RECURSION = YES;
				CLANG_WARN_INT_CONVERSION = YES;
				CLANG_WARN_NON_LITERAL_NULL_CONVERSION = YES;
				CLANG_WARN_OBJC_IMPLICIT_RETAIN_SELF = YES;
				CLANG_WARN_OBJC_LITERAL_CONVERSION = YES;
				CLANG_WARN_OBJC_ROOT_CLASS = YES_ERROR;
				CLANG_WARN_QUOTED_INCLUDE_IN_FRAMEWORK_HEADER = YES;
				CLANG_WARN_RANGE_LOOP_ANALYSIS = YES;
				CLANG_WARN_STRICT_PROTOTYPES = YES;
				CLANG_WARN_SUSPICIOUS_MOVE = YES;
				CLANG_WARN_UNGUARDED_AVAILABILITY = YES_AGGRESSIVE;
				CLANG_WARN_UNREACHABLE_CODE = YES;
				CLANG_WARN__DUPLICATE_METHOD_MATCH = YES;
				COPY_PHASE_STRIP = NO;
				DEBUG_INFORMATION_FORMAT = "dwarf-with-dsym";
				ENABLE_NS_ASSERTIONS = NO;
				ENABLE_STRICT_OBJC_MSGSEND = YES;
				ENABLE_USER_SCRIPT_SANDBOXING = YES;
				GCC_C_LANGUAGE_STANDARD = gnu17;
				GCC_NO_COMMON_BLOCKS = YES;
				GCC_WARN_64_TO_32_BIT_CONVERSION = YES;
				GCC_WARN_ABOUT_RETURN_TYPE = YES_ERROR;
				GCC_WARN_UNDECLARED_SELECTOR = YES;
				GCC_WARN_UNINITIALIZED_AUTOS = YES_AGGRESSIVE;
				GCC_WARN_UNUSED_FUNCTION = YES;
				GCC_WARN_UNUSED_VARIABLE = YES;
				IPHONEOS_DEPLOYMENT_TARGET = 17.0;
				LOCALIZATION_PREFERS_STRING_CATALOGS = YES;
				MTL_ENABLE_DEBUG_INFO = NO;
				MTL_FAST_MATH = YES;
				SDKROOT = iphoneos;
				SWIFT_COMPILATION_MODE = wholemodule;
				VALIDATE_PRODUCT = YES;
			};
			name = Release;
		};
		8DCBA4A92AED611200B3F6CC /* Debug */ = {
			isa = XCBuildConfiguration;
			buildSettings = {
				ASSETCATALOG_COMPILER_APPICON_NAME = AppIcon;
				ASSETCATALOG_COMPILER_GLOBAL_ACCENT_COLOR_NAME = AccentColor;
				CODE_SIGN_ENTITLEMENTS = StepByStep/StepByStep.entitlements;
				CODE_SIGN_STYLE = Automatic;
				CURRENT_PROJECT_VERSION = 1;
				DEVELOPMENT_ASSET_PATHS = "\"StepByStep/Preview Content\"";
				DEVELOPMENT_TEAM = B2Q8EGNCQA;
				ENABLE_PREVIEWS = YES;
				GENERATE_INFOPLIST_FILE = YES;
				INFOPLIST_KEY_NSHealthShareUsageDescription = "This app requires permission to work correctly.";
				INFOPLIST_KEY_NSHealthUpdateUsageDescription = "This app requires permission to work correctly.";
				INFOPLIST_KEY_UIApplicationSceneManifest_Generation = YES;
				INFOPLIST_KEY_UIApplicationSupportsIndirectInputEvents = YES;
				INFOPLIST_KEY_UILaunchScreen_Generation = YES;
				INFOPLIST_KEY_UISupportedInterfaceOrientations_iPad = "UIInterfaceOrientationPortrait UIInterfaceOrientationPortraitUpsideDown UIInterfaceOrientationLandscapeLeft UIInterfaceOrientationLandscapeRight";
				INFOPLIST_KEY_UISupportedInterfaceOrientations_iPhone = "UIInterfaceOrientationPortrait UIInterfaceOrientationLandscapeLeft UIInterfaceOrientationLandscapeRight";
				LD_RUNPATH_SEARCH_PATHS = (
					"$(inherited)",
					"@executable_path/Frameworks",
				);
				MARKETING_VERSION = 1.0;
				PRODUCT_BUNDLE_IDENTIFIER = com.azamsharp.StepByStep;
				PRODUCT_NAME = "$(TARGET_NAME)";
				SWIFT_EMIT_LOC_STRINGS = YES;
				SWIFT_VERSION = 5.0;
				TARGETED_DEVICE_FAMILY = "1,2";
			};
			name = Debug;
		};
		8DCBA4AA2AED611200B3F6CC /* Release */ = {
			isa = XCBuildConfiguration;
			buildSettings = {
				ASSETCATALOG_COMPILER_APPICON_NAME = AppIcon;
				ASSETCATALOG_COMPILER_GLOBAL_ACCENT_COLOR_NAME = AccentColor;
				CODE_SIGN_ENTITLEMENTS = StepByStep/StepByStep.entitlements;
				CODE_SIGN_STYLE = Automatic;
				CURRENT_PROJECT_VERSION = 1;
				DEVELOPMENT_ASSET_PATHS = "\"StepByStep/Preview Content\"";
				DEVELOPMENT_TEAM = B2Q8EGNCQA;
				ENABLE_PREVIEWS = YES;
				GENERATE_INFOPLIST_FILE = YES;
				INFOPLIST_KEY_NSHealthShareUsageDescription = "This app requires permission to work correctly.";
				INFOPLIST_KEY_NSHealthUpdateUsageDescription = "This app requires permission to work correctly.";
				INFOPLIST_KEY_UIApplicationSceneManifest_Generation = YES;
				INFOPLIST_KEY_UIApplicationSupportsIndirectInputEvents = YES;
				INFOPLIST_KEY_UILaunchScreen_Generation = YES;
				INFOPLIST_KEY_UISupportedInterfaceOrientations_iPad = "UIInterfaceOrientationPortrait UIInterfaceOrientationPortraitUpsideDown UIInterfaceOrientationLandscapeLeft UIInterfaceOrientationLandscapeRight";
				INFOPLIST_KEY_UISupportedInterfaceOrientations_iPhone = "UIInterfaceOrientationPortrait UIInterfaceOrientationLandscapeLeft UIInterfaceOrientationLandscapeRight";
				LD_RUNPATH_SEARCH_PATHS = (
					"$(inherited)",
					"@executable_path/Frameworks",
				);
				MARKETING_VERSION = 1.0;
				PRODUCT_BUNDLE_IDENTIFIER = com.azamsharp.StepByStep;
				PRODUCT_NAME = "$(TARGET_NAME)";
				SWIFT_EMIT_LOC_STRINGS = YES;
				SWIFT_VERSION = 5.0;
				TARGETED_DEVICE_FAMILY = "1,2";
			};
			name = Release;
		};
/* End XCBuildConfiguration section */

/* Begin XCConfigurationList section */
		8DCBA4952AED611100B3F6CC /* Build configuration list for PBXProject "StepByStep" */ = {
			isa = XCConfigurationList;
			buildConfigurations = (
				8DCBA4A62AED611200B3F6CC /* Debug */,
				8DCBA4A72AED611200B3F6CC /* Release */,
			);
			defaultConfigurationIsVisible = 0;
			defaultConfigurationName = Release;
		};
		8DCBA4A82AED611200B3F6CC /* Build configuration list for PBXNativeTarget "StepByStep" */ = {
			isa = XCConfigurationList;
			buildConfigurations = (
				8DCBA4A92AED611200B3F6CC /* Debug */,
				8DCBA4AA2AED611200B3F6CC /* Release */,
			);
			defaultConfigurationIsVisible = 0;
			defaultConfigurationName = Release;
		};
/* End XCConfigurationList section */
	};
	rootObject = 8DCBA4922AED611100B3F6CC /* Project object */;
}
